// !$*UTF8*$!
{
	archiveVersion = 1;
	classes = {
	};
	objectVersion = 48;
	objects = {

/* Begin PBXBuildFile section */
		0D0567B02003AB0F00167A4E /* SWRevealViewController.m in Sources */ = {isa = PBXBuildFile; fileRef = 0D949BB52000DD3D0020EB27 /* SWRevealViewController.m */; };
		0D11D69E200394AD00584BAF /* ChatVC.swift in Sources */ = {isa = PBXBuildFile; fileRef = 0D11D69D200394AD00584BAF /* ChatVC.swift */; };
		0D11D6A0200394C700584BAF /* ChannelVC.swift in Sources */ = {isa = PBXBuildFile; fileRef = 0D11D69F200394C700584BAF /* ChannelVC.swift */; };
		0D2B821B2010F82400D4843E /* Constants.swift in Sources */ = {isa = PBXBuildFile; fileRef = 0D2B821A2010F82400D4843E /* Constants.swift */; };
		0D2B821D201101BF00D4843E /* LoginVC.swift in Sources */ = {isa = PBXBuildFile; fileRef = 0D2B821C201101BF00D4843E /* LoginVC.swift */; };
		0D4C5B122012372A00A5DF82 /* CreateAccountVC.swift in Sources */ = {isa = PBXBuildFile; fileRef = 0D4C5B112012372A00A5DF82 /* CreateAccountVC.swift */; };
		0D625FA6200F94DF002F76B1 /* GradienView.swift in Sources */ = {isa = PBXBuildFile; fileRef = 0D625FA5200F94DF002F76B1 /* GradienView.swift */; };
		0D949BA12000C0FF0020EB27 /* AppDelegate.swift in Sources */ = {isa = PBXBuildFile; fileRef = 0D949BA02000C0FF0020EB27 /* AppDelegate.swift */; };
		0D949BA62000C0FF0020EB27 /* Main.storyboard in Resources */ = {isa = PBXBuildFile; fileRef = 0D949BA42000C0FF0020EB27 /* Main.storyboard */; };
		0D949BA82000C0FF0020EB27 /* Assets.xcassets in Resources */ = {isa = PBXBuildFile; fileRef = 0D949BA72000C0FF0020EB27 /* Assets.xcassets */; };
		0D949BAB2000C0FF0020EB27 /* LaunchScreen.storyboard in Resources */ = {isa = PBXBuildFile; fileRef = 0D949BA92000C0FF0020EB27 /* LaunchScreen.storyboard */; };
		748D62CE578767578A88D8D1 /* Pods_Smack.framework in Frameworks */ = {isa = PBXBuildFile; fileRef = 9F31DF0F8B6E80A48483CF05 /* Pods_Smack.framework */; };
/* End PBXBuildFile section */

/* Begin PBXFileReference section */
		0D11D69D200394AD00584BAF /* ChatVC.swift */ = {isa = PBXFileReference; lastKnownFileType = sourcecode.swift; path = ChatVC.swift; sourceTree = "<group>"; };
		0D11D69F200394C700584BAF /* ChannelVC.swift */ = {isa = PBXFileReference; lastKnownFileType = sourcecode.swift; path = ChannelVC.swift; sourceTree = "<group>"; };
		0D2B821A2010F82400D4843E /* Constants.swift */ = {isa = PBXFileReference; lastKnownFileType = sourcecode.swift; path = Constants.swift; sourceTree = "<group>"; };
		0D2B821C201101BF00D4843E /* LoginVC.swift */ = {isa = PBXFileReference; lastKnownFileType = sourcecode.swift; path = LoginVC.swift; sourceTree = "<group>"; };
		0D4C5B112012372A00A5DF82 /* CreateAccountVC.swift */ = {isa = PBXFileReference; lastKnownFileType = sourcecode.swift; path = CreateAccountVC.swift; sourceTree = "<group>"; };
		0D625FA5200F94DF002F76B1 /* GradienView.swift */ = {isa = PBXFileReference; lastKnownFileType = sourcecode.swift; path = GradienView.swift; sourceTree = "<group>"; };
		0D949B9D2000C0FF0020EB27 /* Smack.app */ = {isa = PBXFileReference; explicitFileType = wrapper.application; includeInIndex = 0; path = Smack.app; sourceTree = BUILT_PRODUCTS_DIR; };
		0D949BA02000C0FF0020EB27 /* AppDelegate.swift */ = {isa = PBXFileReference; lastKnownFileType = sourcecode.swift; path = AppDelegate.swift; sourceTree = "<group>"; };
		0D949BA52000C0FF0020EB27 /* Base */ = {isa = PBXFileReference; lastKnownFileType = file.storyboard; name = Base; path = Base.lproj/Main.storyboard; sourceTree = "<group>"; };
		0D949BA72000C0FF0020EB27 /* Assets.xcassets */ = {isa = PBXFileReference; lastKnownFileType = folder.assetcatalog; path = Assets.xcassets; sourceTree = "<group>"; };
		0D949BAA2000C0FF0020EB27 /* Base */ = {isa = PBXFileReference; lastKnownFileType = file.storyboard; name = Base; path = Base.lproj/LaunchScreen.storyboard; sourceTree = "<group>"; };
		0D949BAC2000C0FF0020EB27 /* Info.plist */ = {isa = PBXFileReference; lastKnownFileType = text.plist.xml; path = Info.plist; sourceTree = "<group>"; };
		0D949BB32000DD3C0020EB27 /* Smack-Bridging-Header.h */ = {isa = PBXFileReference; lastKnownFileType = sourcecode.c.h; path = "Smack-Bridging-Header.h"; sourceTree = "<group>"; };
		0D949BB42000DD3D0020EB27 /* SWRevealViewController.h */ = {isa = PBXFileReference; lastKnownFileType = sourcecode.c.h; path = SWRevealViewController.h; sourceTree = "<group>"; };
		0D949BB52000DD3D0020EB27 /* SWRevealViewController.m */ = {isa = PBXFileReference; lastKnownFileType = sourcecode.c.objc; path = SWRevealViewController.m; sourceTree = "<group>"; };
		599407F215879825329D1FBA /* Pods-Smack.debug.xcconfig */ = {isa = PBXFileReference; includeInIndex = 1; lastKnownFileType = text.xcconfig; name = "Pods-Smack.debug.xcconfig"; path = "Pods/Target Support Files/Pods-Smack/Pods-Smack.debug.xcconfig"; sourceTree = "<group>"; };
		7E4314D0F86186F6F3424887 /* Pods-Smack.release.xcconfig */ = {isa = PBXFileReference; includeInIndex = 1; lastKnownFileType = text.xcconfig; name = "Pods-Smack.release.xcconfig"; path = "Pods/Target Support Files/Pods-Smack/Pods-Smack.release.xcconfig"; sourceTree = "<group>"; };
		9F31DF0F8B6E80A48483CF05 /* Pods_Smack.framework */ = {isa = PBXFileReference; explicitFileType = wrapper.framework; includeInIndex = 0; path = Pods_Smack.framework; sourceTree = BUILT_PRODUCTS_DIR; };
/* End PBXFileReference section */

/* Begin PBXFrameworksBuildPhase section */
		0D949B9A2000C0FF0020EB27 /* Frameworks */ = {
			isa = PBXFrameworksBuildPhase;
			buildActionMask = 2147483647;
			files = (
				748D62CE578767578A88D8D1 /* Pods_Smack.framework in Frameworks */,
			);
			runOnlyForDeploymentPostprocessing = 0;
		};
/* End PBXFrameworksBuildPhase section */

/* Begin PBXGroup section */
		0D11D69A2003932500584BAF /* Controller */ = {
			isa = PBXGroup;
			children = (
				0D11D69D200394AD00584BAF /* ChatVC.swift */,
				0D11D69F200394C700584BAF /* ChannelVC.swift */,
				0D2B821C201101BF00D4843E /* LoginVC.swift */,
				0D4C5B112012372A00A5DF82 /* CreateAccountVC.swift */,
			);
			path = Controller;
			sourceTree = "<group>";
		};
		0D11D69B2003933200584BAF /* View */ = {
			isa = PBXGroup;
			children = (
				0D625FA5200F94DF002F76B1 /* GradienView.swift */,
			);
			path = View;
			sourceTree = "<group>";
		};
		0D11D69C2003933700584BAF /* Model */ = {
			isa = PBXGroup;
			children = (
			);
			path = Model;
			sourceTree = "<group>";
		};
		0D2B82192010F80C00D4843E /* Utilities */ = {
			isa = PBXGroup;
			children = (
				0D2B821A2010F82400D4843E /* Constants.swift */,
			);
			path = Utilities;
			sourceTree = "<group>";
		};
		0D949B942000C0FF0020EB27 = {
			isa = PBXGroup;
			children = (
				0D949B9F2000C0FF0020EB27 /* Smack */,
				0D949B9E2000C0FF0020EB27 /* Products */,
				C0FB6C4BD359A20E6D98B824 /* Pods */,
				44A71791F9B2B88458ED7B7B /* Frameworks */,
			);
			sourceTree = "<group>";
		};
		0D949B9E2000C0FF0020EB27 /* Products */ = {
			isa = PBXGroup;
			children = (
				0D949B9D2000C0FF0020EB27 /* Smack.app */,
			);
			name = Products;
			sourceTree = "<group>";
		};
		0D949B9F2000C0FF0020EB27 /* Smack */ = {
			isa = PBXGroup;
			children = (
				0D2B82192010F80C00D4843E /* Utilities */,
				0D11D69C2003933700584BAF /* Model */,
				0D11D69B2003933200584BAF /* View */,
				0D11D69A2003932500584BAF /* Controller */,
				0D949BB22000DD0A0020EB27 /* Supporting Files */,
				0D949BA02000C0FF0020EB27 /* AppDelegate.swift */,
				0D949BA42000C0FF0020EB27 /* Main.storyboard */,
				0D949BA72000C0FF0020EB27 /* Assets.xcassets */,
				0D949BA92000C0FF0020EB27 /* LaunchScreen.storyboard */,
				0D949BAC2000C0FF0020EB27 /* Info.plist */,
			);
			path = Smack;
			sourceTree = "<group>";
		};
		0D949BB22000DD0A0020EB27 /* Supporting Files */ = {
			isa = PBXGroup;
			children = (
				0D949BB42000DD3D0020EB27 /* SWRevealViewController.h */,
				0D949BB52000DD3D0020EB27 /* SWRevealViewController.m */,
				0D949BB32000DD3C0020EB27 /* Smack-Bridging-Header.h */,
			);
			path = "Supporting Files";
			sourceTree = "<group>";
		};
		44A71791F9B2B88458ED7B7B /* Frameworks */ = {
			isa = PBXGroup;
			children = (
				9F31DF0F8B6E80A48483CF05 /* Pods_Smack.framework */,
			);
			name = Frameworks;
			sourceTree = "<group>";
		};
		C0FB6C4BD359A20E6D98B824 /* Pods */ = {
			isa = PBXGroup;
			children = (
				599407F215879825329D1FBA /* Pods-Smack.debug.xcconfig */,
				7E4314D0F86186F6F3424887 /* Pods-Smack.release.xcconfig */,
			);
			name = Pods;
			sourceTree = "<group>";
		};
/* End PBXGroup section */

/* Begin PBXNativeTarget section */
		0D949B9C2000C0FF0020EB27 /* Smack */ = {
			isa = PBXNativeTarget;
			buildConfigurationList = 0D949BAF2000C0FF0020EB27 /* Build configuration list for PBXNativeTarget "Smack" */;
			buildPhases = (
				1F814C32CF253AA667696E01 /* [CP] Check Pods Manifest.lock */,
				0D949B992000C0FF0020EB27 /* Sources */,
				0D949B9A2000C0FF0020EB27 /* Frameworks */,
				0D949B9B2000C0FF0020EB27 /* Resources */,
				E4A93070781E3625B153BB98 /* [CP] Embed Pods Frameworks */,
				E7C3834C58C119480B87E102 /* [CP] Copy Pods Resources */,
			);
			buildRules = (
			);
			dependencies = (
			);
			name = Smack;
			productName = Smack;
			productReference = 0D949B9D2000C0FF0020EB27 /* Smack.app */;
			productType = "com.apple.product-type.application";
		};
/* End PBXNativeTarget section */

/* Begin PBXProject section */
		0D949B952000C0FF0020EB27 /* Project object */ = {
			isa = PBXProject;
			attributes = {
				LastSwiftUpdateCheck = 0900;
				LastUpgradeCheck = 0900;
				ORGANIZATIONNAME = spaceneurocruzz;
				TargetAttributes = {
					0D949B9C2000C0FF0020EB27 = {
						CreatedOnToolsVersion = 9.0;
						LastSwiftMigration = 0900;
						ProvisioningStyle = Automatic;
					};
				};
			};
			buildConfigurationList = 0D949B982000C0FF0020EB27 /* Build configuration list for PBXProject "Smack" */;
			compatibilityVersion = "Xcode 8.0";
			developmentRegion = en;
			hasScannedForEncodings = 0;
			knownRegions = (
				en,
				Base,
			);
			mainGroup = 0D949B942000C0FF0020EB27;
			productRefGroup = 0D949B9E2000C0FF0020EB27 /* Products */;
			projectDirPath = "";
			projectRoot = "";
			targets = (
				0D949B9C2000C0FF0020EB27 /* Smack */,
			);
		};
/* End PBXProject section */

/* Begin PBXResourcesBuildPhase section */
		0D949B9B2000C0FF0020EB27 /* Resources */ = {
			isa = PBXResourcesBuildPhase;
			buildActionMask = 2147483647;
			files = (
				0D949BAB2000C0FF0020EB27 /* LaunchScreen.storyboard in Resources */,
				0D949BA82000C0FF0020EB27 /* Assets.xcassets in Resources */,
				0D949BA62000C0FF0020EB27 /* Main.storyboard in Resources */,
			);
			runOnlyForDeploymentPostprocessing = 0;
		};
/* End PBXResourcesBuildPhase section */

/* Begin PBXShellScriptBuildPhase section */
		1F814C32CF253AA667696E01 /* [CP] Check Pods Manifest.lock */ = {
			isa = PBXShellScriptBuildPhase;
			buildActionMask = 2147483647;
			files = (
			);
			inputPaths = (
			);
			name = "[CP] Check Pods Manifest.lock";
			outputPaths = (
			);
			runOnlyForDeploymentPostprocessing = 0;
			shellPath = /bin/sh;
			shellScript = "diff \"${PODS_ROOT}/../Podfile.lock\" \"${PODS_ROOT}/Manifest.lock\" > /dev/null\nif [ $? != 0 ] ; then\n    # print error to STDERR\n    echo \"error: The sandbox is not in sync with the Podfile.lock. Run 'pod install' or update your CocoaPods installation.\" >&2\n    exit 1\nfi\n";
			showEnvVarsInLog = 0;
		};
		E4A93070781E3625B153BB98 /* [CP] Embed Pods Frameworks */ = {
			isa = PBXShellScriptBuildPhase;
			buildActionMask = 2147483647;
			files = (
			);
			inputPaths = (
			);
			name = "[CP] Embed Pods Frameworks";
			outputPaths = (
			);
			runOnlyForDeploymentPostprocessing = 0;
			shellPath = /bin/sh;
			shellScript = "\"${SRCROOT}/Pods/Target Support Files/Pods-Smack/Pods-Smack-frameworks.sh\"\n";
			showEnvVarsInLog = 0;
		};
		E7C3834C58C119480B87E102 /* [CP] Copy Pods Resources */ = {
			isa = PBXShellScriptBuildPhase;
			buildActionMask = 2147483647;
			files = (
			);
			inputPaths = (
			);
			name = "[CP] Copy Pods Resources";
			outputPaths = (
			);
			runOnlyForDeploymentPostprocessing = 0;
			shellPath = /bin/sh;
			shellScript = "\"${SRCROOT}/Pods/Target Support Files/Pods-Smack/Pods-Smack-resources.sh\"\n";
			showEnvVarsInLog = 0;
		};
/* End PBXShellScriptBuildPhase section */

/* Begin PBXSourcesBuildPhase section */
		0D949B992000C0FF0020EB27 /* Sources */ = {
			isa = PBXSourcesBuildPhase;
			buildActionMask = 2147483647;
			files = (
				0D0567B02003AB0F00167A4E /* SWRevealViewController.m in Sources */,
				0D11D69E200394AD00584BAF /* ChatVC.swift in Sources */,
				0D4C5B122012372A00A5DF82 /* CreateAccountVC.swift in Sources */,
				0D2B821D201101BF00D4843E /* LoginVC.swift in Sources */,
				0D11D6A0200394C700584BAF /* ChannelVC.swift in Sources */,
				0D949BA12000C0FF0020EB27 /* AppDelegate.swift in Sources */,
				0D625FA6200F94DF002F76B1 /* GradienView.swift in Sources */,
				0D2B821B2010F82400D4843E /* Constants.swift in Sources */,
			);
			runOnlyForDeploymentPostprocessing = 0;
		};
/* End PBXSourcesBuildPhase section */

/* Begin PBXVariantGroup section */
		0D949BA42000C0FF0020EB27 /* Main.storyboard */ = {
			isa = PBXVariantGroup;
			children = (
				0D949BA52000C0FF0020EB27 /* Base */,
			);
			name = Main.storyboard;
			sourceTree = "<group>";
		};
		0D949BA92000C0FF0020EB27 /* LaunchScreen.storyboard */ = {
			isa = PBXVariantGroup;
			children = (
				0D949BAA2000C0FF0020EB27 /* Base */,
			);
			name = LaunchScreen.storyboard;
			sourceTree = "<group>";
		};
/* End PBXVariantGroup section */

/* Begin XCBuildConfiguration section */
		0D949BAD2000C0FF0020EB27 /* Debug */ = {
			isa = XCBuildConfiguration;
			buildSettings = {
				ALWAYS_SEARCH_USER_PATHS = NO;
				CLANG_ANALYZER_NONNULL = YES;
				CLANG_ANALYZER_NUMBER_OBJECT_CONVERSION = YES_AGGRESSIVE;
				CLANG_CXX_LANGUAGE_STANDARD = "gnu++14";
				CLANG_CXX_LIBRARY = "libc++";
				CLANG_ENABLE_MODULES = YES;
				CLANG_ENABLE_OBJC_ARC = YES;
				CLANG_WARN_BLOCK_CAPTURE_AUTORELEASING = YES;
				CLANG_WARN_BOOL_CONVERSION = YES;
				CLANG_WARN_COMMA = YES;
				CLANG_WARN_CONSTANT_CONVERSION = YES;
				CLANG_WARN_DIRECT_OBJC_ISA_USAGE = YES_ERROR;
				CLANG_WARN_DOCUMENTATION_COMMENTS = YES;
				CLANG_WARN_EMPTY_BODY = YES;
				CLANG_WARN_ENUM_CONVERSION = YES;
				CLANG_WARN_INFINITE_RECURSION = YES;
				CLANG_WARN_INT_CONVERSION = YES;
				CLANG_WARN_NON_LITERAL_NULL_CONVERSION = YES;
				CLANG_WARN_OBJC_LITERAL_CONVERSION = YES;
				CLANG_WARN_OBJC_ROOT_CLASS = YES_ERROR;
				CLANG_WARN_RANGE_LOOP_ANALYSIS = YES;
				CLANG_WARN_STRICT_PROTOTYPES = YES;
				CLANG_WARN_SUSPICIOUS_MOVE = YES;
				CLANG_WARN_UNGUARDED_AVAILABILITY = YES_AGGRESSIVE;
				CLANG_WARN_UNREACHABLE_CODE = YES;
				CLANG_WARN__DUPLICATE_METHOD_MATCH = YES;
				CODE_SIGN_IDENTITY = "iPhone Developer";
				COPY_PHASE_STRIP = NO;
				DEBUG_INFORMATION_FORMAT = dwarf;
				ENABLE_STRICT_OBJC_MSGSEND = YES;
				ENABLE_TESTABILITY = YES;
				GCC_C_LANGUAGE_STANDARD = gnu11;
				GCC_DYNAMIC_NO_PIC = NO;
				GCC_NO_COMMON_BLOCKS = YES;
				GCC_OPTIMIZATION_LEVEL = 0;
				GCC_PREPROCESSOR_DEFINITIONS = (
					"DEBUG=1",
					"$(inherited)",
				);
				GCC_WARN_64_TO_32_BIT_CONVERSION = YES;
				GCC_WARN_ABOUT_RETURN_TYPE = YES_ERROR;
				GCC_WARN_UNDECLARED_SELECTOR = YES;
				GCC_WARN_UNINITIALIZED_AUTOS = YES_AGGRESSIVE;
				GCC_WARN_UNUSED_FUNCTION = YES;
				GCC_WARN_UNUSED_VARIABLE = YES;
				IPHONEOS_DEPLOYMENT_TARGET = 11.0;
				MTL_ENABLE_DEBUG_INFO = YES;
				ONLY_ACTIVE_ARCH = YES;
				SDKROOT = iphoneos;
				SWIFT_ACTIVE_COMPILATION_CONDITIONS = DEBUG;
				SWIFT_OPTIMIZATION_LEVEL = "-Onone";
			};
			name = Debug;
		};
		0D949BAE2000C0FF0020EB27 /* Release */ = {
			isa = XCBuildConfiguration;
			buildSettings = {
				ALWAYS_SEARCH_USER_PATHS = NO;
				CLANG_ANALYZER_NONNULL = YES;
				CLANG_ANALYZER_NUMBER_OBJECT_CONVERSION = YES_AGGRESSIVE;
				CLANG_CXX_LANGUAGE_STANDARD = "gnu++14";
				CLANG_CXX_LIBRARY = "libc++";
				CLANG_ENABLE_MODULES = YES;
				CLANG_ENABLE_OBJC_ARC = YES;
				CLANG_WARN_BLOCK_CAPTURE_AUTORELEASING = YES;
				CLANG_WARN_BOOL_CONVERSION = YES;
				CLANG_WARN_COMMA = YES;
				CLANG_WARN_CONSTANT_CONVERSION = YES;
				CLANG_WARN_DIRECT_OBJC_ISA_USAGE = YES_ERROR;
				CLANG_WARN_DOCUMENTATION_COMMENTS = YES;
				CLANG_WARN_EMPTY_BODY = YES;
				CLANG_WARN_ENUM_CONVERSION = YES;
				CLANG_WARN_INFINITE_RECURSION = YES;
				CLANG_WARN_INT_CONVERSION = YES;
				CLANG_WARN_NON_LITERAL_NULL_CONVERSION = YES;
				CLANG_WARN_OBJC_LITERAL_CONVERSION = YES;
				CLANG_WARN_OBJC_ROOT_CLASS = YES_ERROR;
				CLANG_WARN_RANGE_LOOP_ANALYSIS = YES;
				CLANG_WARN_STRICT_PROTOTYPES = YES;
				CLANG_WARN_SUSPICIOUS_MOVE = YES;
				CLANG_WARN_UNGUARDED_AVAILABILITY = YES_AGGRESSIVE;
				CLANG_WARN_UNREACHABLE_CODE = YES;
				CLANG_WARN__DUPLICATE_METHOD_MATCH = YES;
				CODE_SIGN_IDENTITY = "iPhone Developer";
				COPY_PHASE_STRIP = NO;
				DEBUG_INFORMATION_FORMAT = "dwarf-with-dsym";
				ENABLE_NS_ASSERTIONS = NO;
				ENABLE_STRICT_OBJC_MSGSEND = YES;
				GCC_C_LANGUAGE_STANDARD = gnu11;
				GCC_NO_COMMON_BLOCKS = YES;
				GCC_WARN_64_TO_32_BIT_CONVERSION = YES;
				GCC_WARN_ABOUT_RETURN_TYPE = YES_ERROR;
				GCC_WARN_UNDECLARED_SELECTOR = YES;
				GCC_WARN_UNINITIALIZED_AUTOS = YES_AGGRESSIVE;
				GCC_WARN_UNUSED_FUNCTION = YES;
				GCC_WARN_UNUSED_VARIABLE = YES;
				IPHONEOS_DEPLOYMENT_TARGET = 11.0;
				MTL_ENABLE_DEBUG_INFO = NO;
				SDKROOT = iphoneos;
				SWIFT_OPTIMIZATION_LEVEL = "-Owholemodule";
				VALIDATE_PRODUCT = YES;
			};
			name = Release;
		};
		0D949BB02000C0FF0020EB27 /* Debug */ = {
			isa = XCBuildConfiguration;
			baseConfigurationReference = 599407F215879825329D1FBA /* Pods-Smack.debug.xcconfig */;
			buildSettings = {
				ASSETCATALOG_COMPILER_APPICON_NAME = AppIcon;
				CLANG_ENABLE_MODULES = YES;
				CODE_SIGN_STYLE = Automatic;
				INFOPLIST_FILE = Smack/Info.plist;
				LD_RUNPATH_SEARCH_PATHS = "$(inherited) @executable_path/Frameworks";
				ONLY_ACTIVE_ARCH = YES;
				PRODUCT_BUNDLE_IDENTIFIER = com.spaceneurocruzz.Smack;
				PRODUCT_NAME = "$(TARGET_NAME)";
				SWIFT_OBJC_BRIDGING_HEADER = "Smack/Supporting Files/Smack-Bridging-Header.h";
				SWIFT_OPTIMIZATION_LEVEL = "-Onone";
				SWIFT_VERSION = 4.0;
				TARGETED_DEVICE_FAMILY = "1,2";
			};
			name = Debug;
		};
		0D949BB12000C0FF0020EB27 /* Release */ = {
			isa = XCBuildConfiguration;
			baseConfigurationReference = 7E4314D0F86186F6F3424887 /* Pods-Smack.release.xcconfig */;
			buildSettings = {
				ASSETCATALOG_COMPILER_APPICON_NAME = AppIcon;
				CLANG_ENABLE_MODULES = YES;
				CODE_SIGN_STYLE = Automatic;
				INFOPLIST_FILE = Smack/Info.plist;
				LD_RUNPATH_SEARCH_PATHS = "$(inherited) @executable_path/Frameworks";
				ONLY_ACTIVE_ARCH = NO;
				PRODUCT_BUNDLE_IDENTIFIER = com.spaceneurocruzz.Smack;
				PRODUCT_NAME = "$(TARGET_NAME)";
				SWIFT_OBJC_BRIDGING_HEADER = "Smack/Supporting Files/Smack-Bridging-Header.h";
				SWIFT_VERSION = 4.0;
				TARGETED_DEVICE_FAMILY = "1,2";
			};
			name = Release;
		};
/* End XCBuildConfiguration section */

/* Begin XCConfigurationList section */
		0D949B982000C0FF0020EB27 /* Build configuration list for PBXProject "Smack" */ = {
			isa = XCConfigurationList;
			buildConfigurations = (
				0D949BAD2000C0FF0020EB27 /* Debug */,
				0D949BAE2000C0FF0020EB27 /* Release */,
			);
			defaultConfigurationIsVisible = 0;
			defaultConfigurationName = Release;
		};
		0D949BAF2000C0FF0020EB27 /* Build configuration list for PBXNativeTarget "Smack" */ = {
			isa = XCConfigurationList;
			buildConfigurations = (
				0D949BB02000C0FF0020EB27 /* Debug */,
				0D949BB12000C0FF0020EB27 /* Release */,
			);
			defaultConfigurationIsVisible = 0;
			defaultConfigurationName = Release;
		};
/* End XCConfigurationList section */
	};
	rootObject = 0D949B952000C0FF0020EB27 /* Project object */;
}
